schema: '2.0'
stages:
  feature_pipeline:
    cmd: python main.py --stage feature_pipeline
    deps:
    - path: config_file/config.yaml
      hash: md5
      md5: f5c34fdce15c6320de19734443d1be95
      size: 1505
    - path: config_file/params.yaml
      hash: md5
      md5: 9bc47703877c25e4c94e35a90083c8f8
      size: 321
    - path: config_file/schema.yaml
      hash: md5
      md5: d23980e8b0eb01aa1025bf3b270fcc75
      size: 273
    - path: src/WattPredictor/pipeline/feature_pipeline.py
      hash: md5
      md5: 2b19dcd5d0b5a85761368c31e9f6d898
      size: 947
    outs:
    - path: artifacts/engineering/label_encoder.pkl
      hash: md5
      md5: c408b0c8f06ffa58b178ebe4dad95f7d
      size: 549
    - path: dataset/processed/elec_wx_demand.csv
      hash: md5
      md5: 9af297f5add82ab60cb173d0835ab5ef
      size: 16850753
  training_pipeline:
    cmd: python main.py --stage training_pipeline
    deps:
    - path: artifacts/engineering/label_encoder.pkl
      hash: md5
      md5: c408b0c8f06ffa58b178ebe4dad95f7d
      size: 549
    - path: config_file/config.yaml
      hash: md5
      md5: f5c34fdce15c6320de19734443d1be95
      size: 1505
    - path: config_file/params.yaml
      hash: md5
      md5: 9bc47703877c25e4c94e35a90083c8f8
      size: 321
    - path: config_file/schema.yaml
      hash: md5
      md5: d23980e8b0eb01aa1025bf3b270fcc75
      size: 273
    - path: dataset/processed/elec_wx_demand.csv
      hash: md5
      md5: 9af297f5add82ab60cb173d0835ab5ef
      size: 16850753
    - path: src/WattPredictor/pipeline/training_pipeline.py
      hash: md5
      md5: 575c3c620a2c38026942dcd3eb4652ab
      size: 698
    outs:
    - path: artifacts/trainer/model.joblib
      hash: md5
      md5: ddfb7333fd107f81c803764cdaa8fc77
      size: 1313134
  inference_pipeline:
    cmd: python main.py --stage inference_pipeline
    deps:
    - path: artifacts/trainer/model.joblib
      hash: md5
      md5: ddfb7333fd107f81c803764cdaa8fc77
      size: 1313134
    - path: config_file/config.yaml
      hash: md5
      md5: f5c34fdce15c6320de19734443d1be95
      size: 1505
    - path: config_file/params.yaml
      hash: md5
      md5: 9bc47703877c25e4c94e35a90083c8f8
      size: 321
    - path: config_file/schema.yaml
      hash: md5
      md5: d23980e8b0eb01aa1025bf3b270fcc75
      size: 273
    - path: src/WattPredictor/pipeline/inference_pipeline.py
      hash: md5
      md5: a607c525686b7bef426d7cfbe6e75cc8
      size: 618
    outs:
    - path: artifacts/prediction/predictions.csv
      hash: md5
      md5: d7e3a58d72737a9af941b83066b1839c
      size: 366
  monitoring_pipeline:
    cmd: python main.py --stage monitoring_pipeline
    deps:
    - path: artifacts/prediction/predictions.csv
      hash: md5
      md5: d7e3a58d72737a9af941b83066b1839c
      size: 366
    - path: config_file/config.yaml
      hash: md5
      md5: f5c34fdce15c6320de19734443d1be95
      size: 1505
    - path: config_file/params.yaml
      hash: md5
      md5: 9bc47703877c25e4c94e35a90083c8f8
      size: 321
    - path: config_file/schema.yaml
      hash: md5
      md5: d23980e8b0eb01aa1025bf3b270fcc75
      size: 273
    - path: src/WattPredictor/pipeline/monitoring_pipeline.py
      hash: md5
      md5: 07ee572ef12bb158085863c2a14d2bef
      size: 739
    outs:
    - path: artifacts/drift/
      hash: md5
      md5: 8df76de9a5830a368e5f5274065099de.dir
      size: 6485742
      nfiles: 2
    - path: artifacts/monitoring/monitoring_df.csv
      hash: md5
      md5: 4d2e8016d73fbf5c96c1c0389d5810bc
      size: 512
